
Microsoft Visual Studio Solution File, Format Version 12.00
# Visual Studio Version 17
VisualStudioVersion = 17.8.34227.203
MinimumVisualStudioVersion = 10.0.40219.1
Project("{FAE04EC0-301F-11D3-BF4B-00C04F79EFBC}") = "Store", "Store\Store.csproj", "{EEC93CF5-B87F-4C3A-9650-FD81B8038B05}"
EndProject
Global
	GlobalSection(SolutionConfigurationPlatforms) = preSolution
		Debug|Any CPU = Debug|Any CPU
		Release|Any CPU = Release|Any CPU
	EndGlobalSection
	GlobalSection(ProjectConfigurationPlatforms) = postSolution
		{EEC93CF5-B87F-4C3A-9650-FD81B8038B05}.Debug|Any CPU.ActiveCfg = Debug|Any CPU
		{EEC93CF5-B87F-4C3A-9650-FD81B8038B05}.Debug|Any CPU.Build.0 = Debug|Any CPU
		{EEC93CF5-B87F-4C3A-9650-FD81B8038B05}.Release|Any CPU.ActiveCfg = Release|Any CPU
		{EEC93CF5-B87F-4C3A-9650-FD81B8038B05}.Release|Any CPU.Build.0 = Release|Any CPU
	EndGlobalSection
	GlobalSection(SolutionProperties) = preSolution
		HideSolutionNode = FALSE
	EndGlobalSection
	GlobalSection(ExtensibilityGlobals) = postSolution
		SolutionGuid = {52DDC9B3-03DF-4044-B57F-B0BB110860E6}
	EndGlobalSection
EndGlobal
